
Microsoft Visual Studio Solution File, Format Version 12.00
# Visual Studio 15
VisualStudioVersion = 15.0.26730.3
MinimumVisualStudioVersion = 10.0.40219.1
Project("{9A19103F-16F7-4668-BE54-9A1E7A4F7556}") = "SJP.Process", "SJP.Process\SJP.Process.csproj", "{4F6D5882-BE1D-4EAF-AA39-7FD643274D1C}"
EndProject
Project("{FAE04EC0-301F-11D3-BF4B-00C04F79EFBC}") = "SJP.Process.ConsoleTest", "SJP.Process.ConsoleTest\SJP.Process.ConsoleTest.csproj", "{099EE08B-16C5-49FF-98AB-E2F30B9E2494}"
EndProject
Global
	GlobalSection(SolutionConfigurationPlatforms) = preSolution
		Debug|Any CPU = Debug|Any CPU
		Release|Any CPU = Release|Any CPU
	EndGlobalSection
	GlobalSection(ProjectConfigurationPlatforms) = postSolution
		{4F6D5882-BE1D-4EAF-AA39-7FD643274D1C}.Debug|Any CPU.ActiveCfg = Debug|Any CPU
		{4F6D5882-BE1D-4EAF-AA39-7FD643274D1C}.Debug|Any CPU.Build.0 = Debug|Any CPU
		{4F6D5882-BE1D-4EAF-AA39-7FD643274D1C}.Release|Any CPU.ActiveCfg = Release|Any CPU
		{4F6D5882-BE1D-4EAF-AA39-7FD643274D1C}.Release|Any CPU.Build.0 = Release|Any CPU
		{099EE08B-16C5-49FF-98AB-E2F30B9E2494}.Debug|Any CPU.ActiveCfg = Debug|Any CPU
		{099EE08B-16C5-49FF-98AB-E2F30B9E2494}.Debug|Any CPU.Build.0 = Debug|Any CPU
		{099EE08B-16C5-49FF-98AB-E2F30B9E2494}.Release|Any CPU.ActiveCfg = Release|Any CPU
		{099EE08B-16C5-49FF-98AB-E2F30B9E2494}.Release|Any CPU.Build.0 = Release|Any CPU
	EndGlobalSection
	GlobalSection(SolutionProperties) = preSolution
		HideSolutionNode = FALSE
	EndGlobalSection
	GlobalSection(ExtensibilityGlobals) = postSolution
		SolutionGuid = {3510D7D2-6E92-4A05-9EF0-D7BB19A572F6}
	EndGlobalSection
EndGlobal
